
Microsoft Visual Studio Solution File, Format Version 12.00
# Visual Studio Version 17
VisualStudioVersion = 17.0.31919.166
MinimumVisualStudioVersion = 10.0.40219.1
Project("{9A19103F-16F7-4668-BE54-9A1E7A4F7556}") = "ConsoleTest", "src\ConsoleTest\ConsoleTest.csproj", "{DA9C5C3D-311F-40D8-B6C5-63E382AB83EC}"
EndProject
Project("{2150E333-8FDC-42A3-9474-1A3956D46DE8}") = "src", "src", "{3AA7093E-4B69-4BB5-9FDC-DEBD94270E2D}"
EndProject
Project("{2150E333-8FDC-42A3-9474-1A3956D46DE8}") = "build", "build", "{403585DC-0863-44B3-9F7D-0010E1CD0753}"
	ProjectSection(SolutionItems) = preProject
		build\.env = build\.env
		build\build.sh = build\build.sh
		build\docker-compose.yml = build\docker-compose.yml
		build\run.sh = build\run.sh
	EndProjectSection
EndProject
Project("{9A19103F-16F7-4668-BE54-9A1E7A4F7556}") = "HxBlog.Gateway", "src\HxBlog.Gateway\HxBlog.Gateway.csproj", "{44B9A3A7-A3F3-42E5-AA85-CA2251A7EBE8}"
EndProject
Project("{2150E333-8FDC-42A3-9474-1A3956D46DE8}") = "Gateways", "Gateways", "{6F5C8D4A-D002-445A-BE1E-3B1318B5AB7E}"
EndProject
Project("{9A19103F-16F7-4668-BE54-9A1E7A4F7556}") = "HxBlog.Application", "src\HxBlog.Application\HxBlog.Application.csproj", "{D031321A-4E59-4912-BDD9-7FE2401B32BB}"
EndProject
Project("{9A19103F-16F7-4668-BE54-9A1E7A4F7556}") = "HxBlog.Web.Core", "src\HxBlog.Web.Core\HxBlog.Web.Core.csproj", "{D50CE82B-EFD5-4087-8054-AB7280C924DA}"
EndProject
Project("{9A19103F-16F7-4668-BE54-9A1E7A4F7556}") = "HxBlog.Web.Entry", "src\HxBlog.Web.Entry\HxBlog.Web.Entry.csproj", "{25683584-F09E-413A-B38D-BEA3C5592F81}"
EndProject
Project("{2150E333-8FDC-42A3-9474-1A3956D46DE8}") = "Solution Items", "Solution Items", "{C2031BDD-8D72-417A-8CB0-27F43A584C44}"
	ProjectSection(SolutionItems) = preProject
		.editorconfig = .editorconfig
	EndProjectSection
EndProject
Project("{9A19103F-16F7-4668-BE54-9A1E7A4F7556}") = "HxBlog.Core", "src\HxBlog.Core\HxBlog.Core.csproj", "{3AAE4DF0-DDC0-4DC5-B188-2BE25E48D288}"
EndProject
Global
	GlobalSection(SolutionConfigurationPlatforms) = preSolution
		Debug|Any CPU = Debug|Any CPU
		Release|Any CPU = Release|Any CPU
	EndGlobalSection
	GlobalSection(ProjectConfigurationPlatforms) = postSolution
		{DA9C5C3D-311F-40D8-B6C5-63E382AB83EC}.Debug|Any CPU.ActiveCfg = Debug|Any CPU
		{DA9C5C3D-311F-40D8-B6C5-63E382AB83EC}.Debug|Any CPU.Build.0 = Debug|Any CPU
		{DA9C5C3D-311F-40D8-B6C5-63E382AB83EC}.Release|Any CPU.ActiveCfg = Release|Any CPU
		{DA9C5C3D-311F-40D8-B6C5-63E382AB83EC}.Release|Any CPU.Build.0 = Release|Any CPU
		{44B9A3A7-A3F3-42E5-AA85-CA2251A7EBE8}.Debug|Any CPU.ActiveCfg = Debug|Any CPU
		{44B9A3A7-A3F3-42E5-AA85-CA2251A7EBE8}.Debug|Any CPU.Build.0 = Debug|Any CPU
		{44B9A3A7-A3F3-42E5-AA85-CA2251A7EBE8}.Release|Any CPU.ActiveCfg = Release|Any CPU
		{44B9A3A7-A3F3-42E5-AA85-CA2251A7EBE8}.Release|Any CPU.Build.0 = Release|Any CPU
		{D031321A-4E59-4912-BDD9-7FE2401B32BB}.Debug|Any CPU.ActiveCfg = Debug|Any CPU
		{D031321A-4E59-4912-BDD9-7FE2401B32BB}.Debug|Any CPU.Build.0 = Debug|Any CPU
		{D031321A-4E59-4912-BDD9-7FE2401B32BB}.Release|Any CPU.ActiveCfg = Release|Any CPU
		{D031321A-4E59-4912-BDD9-7FE2401B32BB}.Release|Any CPU.Build.0 = Release|Any CPU
		{D50CE82B-EFD5-4087-8054-AB7280C924DA}.Debug|Any CPU.ActiveCfg = Debug|Any CPU
		{D50CE82B-EFD5-4087-8054-AB7280C924DA}.Debug|Any CPU.Build.0 = Debug|Any CPU
		{D50CE82B-EFD5-4087-8054-AB7280C924DA}.Release|Any CPU.ActiveCfg = Release|Any CPU
		{D50CE82B-EFD5-4087-8054-AB7280C924DA}.Release|Any CPU.Build.0 = Release|Any CPU
		{25683584-F09E-413A-B38D-BEA3C5592F81}.Debug|Any CPU.ActiveCfg = Debug|Any CPU
		{25683584-F09E-413A-B38D-BEA3C5592F81}.Debug|Any CPU.Build.0 = Debug|Any CPU
		{25683584-F09E-413A-B38D-BEA3C5592F81}.Release|Any CPU.ActiveCfg = Release|Any CPU
		{25683584-F09E-413A-B38D-BEA3C5592F81}.Release|Any CPU.Build.0 = Release|Any CPU
		{3AAE4DF0-DDC0-4DC5-B188-2BE25E48D288}.Debug|Any CPU.ActiveCfg = Debug|Any CPU
		{3AAE4DF0-DDC0-4DC5-B188-2BE25E48D288}.Debug|Any CPU.Build.0 = Debug|Any CPU
		{3AAE4DF0-DDC0-4DC5-B188-2BE25E48D288}.Release|Any CPU.ActiveCfg = Release|Any CPU
		{3AAE4DF0-DDC0-4DC5-B188-2BE25E48D288}.Release|Any CPU.Build.0 = Release|Any CPU
	EndGlobalSection
	GlobalSection(SolutionProperties) = preSolution
		HideSolutionNode = FALSE
	EndGlobalSection
	GlobalSection(NestedProjects) = preSolution
		{DA9C5C3D-311F-40D8-B6C5-63E382AB83EC} = {3AA7093E-4B69-4BB5-9FDC-DEBD94270E2D}
		{44B9A3A7-A3F3-42E5-AA85-CA2251A7EBE8} = {6F5C8D4A-D002-445A-BE1E-3B1318B5AB7E}
		{D031321A-4E59-4912-BDD9-7FE2401B32BB} = {3AA7093E-4B69-4BB5-9FDC-DEBD94270E2D}
		{D50CE82B-EFD5-4087-8054-AB7280C924DA} = {3AA7093E-4B69-4BB5-9FDC-DEBD94270E2D}
		{25683584-F09E-413A-B38D-BEA3C5592F81} = {3AA7093E-4B69-4BB5-9FDC-DEBD94270E2D}
		{3AAE4DF0-DDC0-4DC5-B188-2BE25E48D288} = {3AA7093E-4B69-4BB5-9FDC-DEBD94270E2D}
	EndGlobalSection
	GlobalSection(ExtensibilityGlobals) = postSolution
		SolutionGuid = {DBD380DF-9DD8-4C3A-A47F-53E039EEB18C}
	EndGlobalSection
EndGlobal
